Microsoft Visual Studio Solution File, Format Version 12.00
# Visual Studio Version 17
VisualStudioVersion = 17.5.2.0
MinimumVisualStudioVersion = 10.0.40219.1
Project("{FAE04EC0-301F-11D3-BF4B-00C04F79EFBC}") = "PaymentGateway.Server", "PaymentGateway.Server\PaymentGateway.Server.csproj", "{E36EAE84-7104-0729-A27A-279414817D05}"
EndProject
Project("{FAE04EC0-301F-11D3-BF4B-00C04F79EFBC}") = "PaymentGateway.Server.Tests", "PaymentGateway.Server.Tests\PaymentGateway.Server.Tests.csproj", "{8E7BA6B1-68D5-4CE6-B555-289424EA247A}"
EndProject
Global
	GlobalSection(SolutionConfigurationPlatforms) = preSolution
		Debug|Any CPU = Debug|Any CPU
		Release|Any CPU = Release|Any CPU
	EndGlobalSection
	GlobalSection(ProjectConfigurationPlatforms) = postSolution
		{E36EAE84-7104-0729-A27A-279414817D05}.Debug|Any CPU.ActiveCfg = Debug|Any CPU
		{E36EAE84-7104-0729-A27A-279414817D05}.Debug|Any CPU.Build.0 = Debug|Any CPU
		{E36EAE84-7104-0729-A27A-279414817D05}.Release|Any CPU.ActiveCfg = Release|Any CPU
		{E36EAE84-7104-0729-A27A-279414817D05}.Release|Any CPU.Build.0 = Release|Any CPU
		{8E7BA6B1-68D5-4CE6-B555-289424EA247A}.Debug|Any CPU.ActiveCfg = Debug|Any CPU
		{8E7BA6B1-68D5-4CE6-B555-289424EA247A}.Debug|Any CPU.Build.0 = Debug|Any CPU
		{8E7BA6B1-68D5-4CE6-B555-289424EA247A}.Release|Any CPU.ActiveCfg = Release|Any CPU
		{8E7BA6B1-68D5-4CE6-B555-289424EA247A}.Release|Any CPU.Build.0 = Release|Any CPU
	EndGlobalSection
	GlobalSection(SolutionProperties) = preSolution
		HideSolutionNode = FALSE
	EndGlobalSection
	GlobalSection(ExtensibilityGlobals) = postSolution
		SolutionGuid = {54C4A6BB-105C-4CB6-8F99-BCBB7755072A}
	EndGlobalSection
EndGlobal
